
Microsoft Visual Studio Solution File, Format Version 12.00
# Visual Studio Version 17
VisualStudioVersion = 17.0.32112.339
MinimumVisualStudioVersion = 10.0.40219.1
Project("{FAE04EC0-301F-11D3-BF4B-00C04F79EFBC}") = "Week4_GroupAssignment", "Week4_GroupAssignment\Week4_GroupAssignment.csproj", "{647B406C-A2B3-4FEA-9B22-5A1290A63F59}"
EndProject
Global
	GlobalSection(SolutionConfigurationPlatforms) = preSolution
		Debug|Any CPU = Debug|Any CPU
		Release|Any CPU = Release|Any CPU
	EndGlobalSection
	GlobalSection(ProjectConfigurationPlatforms) = postSolution
		{647B406C-A2B3-4FEA-9B22-5A1290A63F59}.Debug|Any CPU.ActiveCfg = Debug|Any CPU
		{647B406C-A2B3-4FEA-9B22-5A1290A63F59}.Debug|Any CPU.Build.0 = Debug|Any CPU
		{647B406C-A2B3-4FEA-9B22-5A1290A63F59}.Release|Any CPU.ActiveCfg = Release|Any CPU
		{647B406C-A2B3-4FEA-9B22-5A1290A63F59}.Release|Any CPU.Build.0 = Release|Any CPU
	EndGlobalSection
	GlobalSection(SolutionProperties) = preSolution
		HideSolutionNode = FALSE
	EndGlobalSection
	GlobalSection(ExtensibilityGlobals) = postSolution
		SolutionGuid = {02874B8C-74D5-4D98-B7CF-AF0A2D775B08}
	EndGlobalSection
EndGlobal
